
Microsoft Visual Studio Solution File, Format Version 12.00
# Visual Studio Version 16
VisualStudioVersion = 16.0.30717.126
MinimumVisualStudioVersion = 10.0.40219.1
Project("{FAE04EC0-301F-11D3-BF4B-00C04F79EFBC}") = "Reflection", "Reflection\Reflection.csproj", "{AEB53C95-ABFF-45B5-8FB1-C420A485FB80}"
EndProject
Project("{FAE04EC0-301F-11D3-BF4B-00C04F79EFBC}") = "TemperatureLibrary", "TemperatureLibrary\TemperatureLibrary.csproj", "{02C47857-73F2-4252-B4EB-8751F506E90F}"
EndProject
Project("{FAE04EC0-301F-11D3-BF4B-00C04F79EFBC}") = "WindowsFormsReflection", "WindowsFormsReflection\WindowsFormsReflection.csproj", "{F25A7DC5-00C1-47C6-936D-DE787471C1DA}"
EndProject
Global
	GlobalSection(SolutionConfigurationPlatforms) = preSolution
		Debug|Any CPU = Debug|Any CPU
		Release|Any CPU = Release|Any CPU
	EndGlobalSection
	GlobalSection(ProjectConfigurationPlatforms) = postSolution
		{AEB53C95-ABFF-45B5-8FB1-C420A485FB80}.Debug|Any CPU.ActiveCfg = Debug|Any CPU
		{AEB53C95-ABFF-45B5-8FB1-C420A485FB80}.Debug|Any CPU.Build.0 = Debug|Any CPU
		{AEB53C95-ABFF-45B5-8FB1-C420A485FB80}.Release|Any CPU.ActiveCfg = Release|Any CPU
		{AEB53C95-ABFF-45B5-8FB1-C420A485FB80}.Release|Any CPU.Build.0 = Release|Any CPU
		{02C47857-73F2-4252-B4EB-8751F506E90F}.Debug|Any CPU.ActiveCfg = Debug|Any CPU
		{02C47857-73F2-4252-B4EB-8751F506E90F}.Debug|Any CPU.Build.0 = Debug|Any CPU
		{02C47857-73F2-4252-B4EB-8751F506E90F}.Release|Any CPU.ActiveCfg = Release|Any CPU
		{02C47857-73F2-4252-B4EB-8751F506E90F}.Release|Any CPU.Build.0 = Release|Any CPU
		{F25A7DC5-00C1-47C6-936D-DE787471C1DA}.Debug|Any CPU.ActiveCfg = Debug|Any CPU
		{F25A7DC5-00C1-47C6-936D-DE787471C1DA}.Debug|Any CPU.Build.0 = Debug|Any CPU
		{F25A7DC5-00C1-47C6-936D-DE787471C1DA}.Release|Any CPU.ActiveCfg = Release|Any CPU
		{F25A7DC5-00C1-47C6-936D-DE787471C1DA}.Release|Any CPU.Build.0 = Release|Any CPU
	EndGlobalSection
	GlobalSection(SolutionProperties) = preSolution
		HideSolutionNode = FALSE
	EndGlobalSection
	GlobalSection(ExtensibilityGlobals) = postSolution
		SolutionGuid = {EB1D0404-7DEF-4843-ADEB-C880E56B2DEC}
	EndGlobalSection
EndGlobal
